// !$*UTF8*$!
{
	archiveVersion = 1;
	classes = {
	};
	objectVersion = 46;
	objects = {

/* Begin PBXBuildFile section */
		BD42A5D318F2B7920002128E /* Foundation.framework in Frameworks */ = {isa = PBXBuildFile; fileRef = BD42A5D218F2B7920002128E /* Foundation.framework */; };
		BD42A5D518F2B7920002128E /* CoreGraphics.framework in Frameworks */ = {isa = PBXBuildFile; fileRef = BD42A5D418F2B7920002128E /* CoreGraphics.framework */; };
		BD42A5D718F2B7920002128E /* UIKit.framework in Frameworks */ = {isa = PBXBuildFile; fileRef = BD42A5D618F2B7920002128E /* UIKit.framework */; };
		BD42A5DD18F2B7920002128E /* InfoPlist.strings in Resources */ = {isa = PBXBuildFile; fileRef = BD42A5DB18F2B7920002128E /* InfoPlist.strings */; };
		BD42A5DF18F2B7920002128E /* main.m in Sources */ = {isa = PBXBuildFile; fileRef = BD42A5DE18F2B7920002128E /* main.m */; };
		BD42A5E318F2B7920002128E /* EPPAppDelegate.m in Sources */ = {isa = PBXBuildFile; fileRef = BD42A5E218F2B7920002128E /* EPPAppDelegate.m */; };
		BD42A5E618F2B7920002128E /* Main_iPhone.storyboard in Resources */ = {isa = PBXBuildFile; fileRef = BD42A5E418F2B7920002128E /* Main_iPhone.storyboard */; };
		BD42A5E918F2B7920002128E /* Main_iPad.storyboard in Resources */ = {isa = PBXBuildFile; fileRef = BD42A5E718F2B7920002128E /* Main_iPad.storyboard */; };
		BD42A5EC18F2B7920002128E /* EPPViewController.m in Sources */ = {isa = PBXBuildFile; fileRef = BD42A5EB18F2B7920002128E /* EPPViewController.m */; };
		BD42A5EE18F2B7920002128E /* Images.xcassets in Resources */ = {isa = PBXBuildFile; fileRef = BD42A5ED18F2B7920002128E /* Images.xcassets */; };
		BD42A5F518F2B7920002128E /* XCTest.framework in Frameworks */ = {isa = PBXBuildFile; fileRef = BD42A5F418F2B7920002128E /* XCTest.framework */; };
		BD42A5F618F2B7920002128E /* Foundation.framework in Frameworks */ = {isa = PBXBuildFile; fileRef = BD42A5D218F2B7920002128E /* Foundation.framework */; };
		BD42A5F718F2B7920002128E /* UIKit.framework in Frameworks */ = {isa = PBXBuildFile; fileRef = BD42A5D618F2B7920002128E /* UIKit.framework */; };
		BD42A5FF18F2B7920002128E /* InfoPlist.strings in Resources */ = {isa = PBXBuildFile; fileRef = BD42A5FD18F2B7920002128E /* InfoPlist.strings */; };
		BD42A60118F2B7920002128E /* pagedScrollViewExampleTests.m in Sources */ = {isa = PBXBuildFile; fileRef = BD42A60018F2B7920002128E /* pagedScrollViewExampleTests.m */; };
/* End PBXBuildFile section */

/* Begin PBXContainerItemProxy section */
		BD42A5F818F2B7920002128E /* PBXContainerItemProxy */ = {
			isa = PBXContainerItemProxy;
			containerPortal = BD42A5C718F2B7920002128E /* Project object */;
			proxyType = 1;
			remoteGlobalIDString = BD42A5CE18F2B7920002128E;
			remoteInfo = pagedScrollViewExample;
		};
/* End PBXContainerItemProxy section */

/* Begin PBXFileReference section */
		BD42A5CF18F2B7920002128E /* pagedScrollViewExample.app */ = {isa = PBXFileReference; explicitFileType = wrapper.application; includeInIndex = 0; path = pagedScrollViewExample.app; sourceTree = BUILT_PRODUCTS_DIR; };
		BD42A5D218F2B7920002128E /* Foundation.framework */ = {isa = PBXFileReference; lastKnownFileType = wrapper.framework; name = Foundation.framework; path = System/Library/Frameworks/Foundation.framework; sourceTree = SDKROOT; };
		BD42A5D418F2B7920002128E /* CoreGraphics.framework */ = {isa = PBXFileReference; lastKnownFileType = wrapper.framework; name = CoreGraphics.framework; path = System/Library/Frameworks/CoreGraphics.framework; sourceTree = SDKROOT; };
		BD42A5D618F2B7920002128E /* UIKit.framework */ = {isa = PBXFileReference; lastKnownFileType = wrapper.framework; name = UIKit.framework; path = System/Library/Frameworks/UIKit.framework; sourceTree = SDKROOT; };
		BD42A5DA18F2B7920002128E /* pagedScrollViewExample-Info.plist */ = {isa = PBXFileReference; lastKnownFileType = text.plist.xml; path = "pagedScrollViewExample-Info.plist"; sourceTree = "<group>"; };
		BD42A5DC18F2B7920002128E /* en */ = {isa = PBXFileReference; lastKnownFileType = text.plist.strings; name = en; path = en.lproj/InfoPlist.strings; sourceTree = "<group>"; };
		BD42A5DE18F2B7920002128E /* main.m */ = {isa = PBXFileReference; lastKnownFileType = sourcecode.c.objc; path = main.m; sourceTree = "<group>"; };
		BD42A5E018F2B7920002128E /* pagedScrollViewExample-Prefix.pch */ = {isa = PBXFileReference; lastKnownFileType = sourcecode.c.h; path = "pagedScrollViewExample-Prefix.pch"; sourceTree = "<group>"; };
		BD42A5E118F2B7920002128E /* EPPAppDelegate.h */ = {isa = PBXFileReference; lastKnownFileType = sourcecode.c.h; path = EPPAppDelegate.h; sourceTree = "<group>"; };
		BD42A5E218F2B7920002128E /* EPPAppDelegate.m */ = {isa = PBXFileReference; lastKnownFileType = sourcecode.c.objc; path = EPPAppDelegate.m; sourceTree = "<group>"; };
		BD42A5E518F2B7920002128E /* Base */ = {isa = PBXFileReference; lastKnownFileType = file.storyboard; name = Base; path = Base.lproj/Main_iPhone.storyboard; sourceTree = "<group>"; };
		BD42A5E818F2B7920002128E /* Base */ = {isa = PBXFileReference; lastKnownFileType = file.storyboard; name = Base; path = Base.lproj/Main_iPad.storyboard; sourceTree = "<group>"; };
		BD42A5EA18F2B7920002128E /* EPPViewController.h */ = {isa = PBXFileReference; lastKnownFileType = sourcecode.c.h; path = EPPViewController.h; sourceTree = "<group>"; };
		BD42A5EB18F2B7920002128E /* EPPViewController.m */ = {isa = PBXFileReference; lastKnownFileType = sourcecode.c.objc; path = EPPViewController.m; sourceTree = "<group>"; };
		BD42A5ED18F2B7920002128E /* Images.xcassets */ = {isa = PBXFileReference; lastKnownFileType = folder.assetcatalog; path = Images.xcassets; sourceTree = "<group>"; };
		BD42A5F318F2B7920002128E /* pagedScrollViewExampleTests.xctest */ = {isa = PBXFileReference; explicitFileType = wrapper.cfbundle; includeInIndex = 0; path = pagedScrollViewExampleTests.xctest; sourceTree = BUILT_PRODUCTS_DIR; };
		BD42A5F418F2B7920002128E /* XCTest.framework */ = {isa = PBXFileReference; lastKnownFileType = wrapper.framework; name = XCTest.framework; path = Library/Frameworks/XCTest.framework; sourceTree = DEVELOPER_DIR; };
		BD42A5FC18F2B7920002128E /* pagedScrollViewExampleTests-Info.plist */ = {isa = PBXFileReference; lastKnownFileType = text.plist.xml; path = "pagedScrollViewExampleTests-Info.plist"; sourceTree = "<group>"; };
		BD42A5FE18F2B7920002128E /* en */ = {isa = PBXFileReference; lastKnownFileType = text.plist.strings; name = en; path = en.lproj/InfoPlist.strings; sourceTree = "<group>"; };
		BD42A60018F2B7920002128E /* pagedScrollViewExampleTests.m */ = {isa = PBXFileReference; lastKnownFileType = sourcecode.c.objc; path = pagedScrollViewExampleTests.m; sourceTree = "<group>"; };
/* End PBXFileReference section */

/* Begin PBXFrameworksBuildPhase section */
		BD42A5CC18F2B7920002128E /* Frameworks */ = {
			isa = PBXFrameworksBuildPhase;
			buildActionMask = 2147483647;
			files = (
				BD42A5D518F2B7920002128E /* CoreGraphics.framework in Frameworks */,
				BD42A5D718F2B7920002128E /* UIKit.framework in Frameworks */,
				BD42A5D318F2B7920002128E /* Foundation.framework in Frameworks */,
			);
			runOnlyForDeploymentPostprocessing = 0;
		};
		BD42A5F018F2B7920002128E /* Frameworks */ = {
			isa = PBXFrameworksBuildPhase;
			buildActionMask = 2147483647;
			files = (
				BD42A5F518F2B7920002128E /* XCTest.framework in Frameworks */,
				BD42A5F718F2B7920002128E /* UIKit.framework in Frameworks */,
				BD42A5F618F2B7920002128E /* Foundation.framework in Frameworks */,
			);
			runOnlyForDeploymentPostprocessing = 0;
		};
/* End PBXFrameworksBuildPhase section */

/* Begin PBXGroup section */
		BD42A5C618F2B7920002128E = {
			isa = PBXGroup;
			children = (
				BD42A5D818F2B7920002128E /* pagedScrollViewExample */,
				BD42A5FA18F2B7920002128E /* pagedScrollViewExampleTests */,
				BD42A5D118F2B7920002128E /* Frameworks */,
				BD42A5D018F2B7920002128E /* Products */,
			);
			sourceTree = "<group>";
		};
		BD42A5D018F2B7920002128E /* Products */ = {
			isa = PBXGroup;
			children = (
				BD42A5CF18F2B7920002128E /* pagedScrollViewExample.app */,
				BD42A5F318F2B7920002128E /* pagedScrollViewExampleTests.xctest */,
			);
			name = Products;
			sourceTree = "<group>";
		};
		BD42A5D118F2B7920002128E /* Frameworks */ = {
			isa = PBXGroup;
			children = (
				BD42A5D218F2B7920002128E /* Foundation.framework */,
				BD42A5D418F2B7920002128E /* CoreGraphics.framework */,
				BD42A5D618F2B7920002128E /* UIKit.framework */,
				BD42A5F418F2B7920002128E /* XCTest.framework */,
			);
			name = Frameworks;
			sourceTree = "<group>";
		};
		BD42A5D818F2B7920002128E /* pagedScrollViewExample */ = {
			isa = PBXGroup;
			children = (
				BD42A5E118F2B7920002128E /* EPPAppDelegate.h */,
				BD42A5E218F2B7920002128E /* EPPAppDelegate.m */,
				BD42A5E418F2B7920002128E /* Main_iPhone.storyboard */,
				BD42A5E718F2B7920002128E /* Main_iPad.storyboard */,
				BD42A5EA18F2B7920002128E /* EPPViewController.h */,
				BD42A5EB18F2B7920002128E /* EPPViewController.m */,
				BD42A5ED18F2B7920002128E /* Images.xcassets */,
				BD42A5D918F2B7920002128E /* Supporting Files */,
			);
			path = pagedScrollViewExample;
			sourceTree = "<group>";
		};
		BD42A5D918F2B7920002128E /* Supporting Files */ = {
			isa = PBXGroup;
			children = (
				BD42A5DA18F2B7920002128E /* pagedScrollViewExample-Info.plist */,
				BD42A5DB18F2B7920002128E /* InfoPlist.strings */,
				BD42A5DE18F2B7920002128E /* main.m */,
				BD42A5E018F2B7920002128E /* pagedScrollViewExample-Prefix.pch */,
			);
			name = "Supporting Files";
			sourceTree = "<group>";
		};
		BD42A5FA18F2B7920002128E /* pagedScrollViewExampleTests */ = {
			isa = PBXGroup;
			children = (
				BD42A60018F2B7920002128E /* pagedScrollViewExampleTests.m */,
				BD42A5FB18F2B7920002128E /* Supporting Files */,
			);
			path = pagedScrollViewExampleTests;
			sourceTree = "<group>";
		};
		BD42A5FB18F2B7920002128E /* Supporting Files */ = {
			isa = PBXGroup;
			children = (
				BD42A5FC18F2B7920002128E /* pagedScrollViewExampleTests-Info.plist */,
				BD42A5FD18F2B7920002128E /* InfoPlist.strings */,
			);
			name = "Supporting Files";
			sourceTree = "<group>";
		};
/* End PBXGroup section */

/* Begin PBXNativeTarget section */
		BD42A5CE18F2B7920002128E /* pagedScrollViewExample */ = {
			isa = PBXNativeTarget;
			buildConfigurationList = BD42A60418F2B7920002128E /* Build configuration list for PBXNativeTarget "pagedScrollViewExample" */;
			buildPhases = (
				BD42A5CB18F2B7920002128E /* Sources */,
				BD42A5CC18F2B7920002128E /* Frameworks */,
				BD42A5CD18F2B7920002128E /* Resources */,
			);
			buildRules = (
			);
			dependencies = (
			);
			name = pagedScrollViewExample;
			productName = pagedScrollViewExample;
			productReference = BD42A5CF18F2B7920002128E /* pagedScrollViewExample.app */;
			productType = "com.apple.product-type.application";
		};
		BD42A5F218F2B7920002128E /* pagedScrollViewExampleTests */ = {
			isa = PBXNativeTarget;
			buildConfigurationList = BD42A60718F2B7920002128E /* Build configuration list for PBXNativeTarget "pagedScrollViewExampleTests" */;
			buildPhases = (
				BD42A5EF18F2B7920002128E /* Sources */,
				BD42A5F018F2B7920002128E /* Frameworks */,
				BD42A5F118F2B7920002128E /* Resources */,
			);
			buildRules = (
			);
			dependencies = (
				BD42A5F918F2B7920002128E /* PBXTargetDependency */,
			);
			name = pagedScrollViewExampleTests;
			productName = pagedScrollViewExampleTests;
			productReference = BD42A5F318F2B7920002128E /* pagedScrollViewExampleTests.xctest */;
			productType = "com.apple.product-type.bundle.unit-test";
		};
/* End PBXNativeTarget section */

/* Begin PBXProject section */
		BD42A5C718F2B7920002128E /* Project object */ = {
			isa = PBXProject;
			attributes = {
				CLASSPREFIX = EPP;
				LastUpgradeCheck = 0510;
				TargetAttributes = {
					BD42A5F218F2B7920002128E = {
						TestTargetID = BD42A5CE18F2B7920002128E;
					};
				};
			};
			buildConfigurationList = BD42A5CA18F2B7920002128E /* Build configuration list for PBXProject "pagedScrollViewExample" */;
			compatibilityVersion = "Xcode 3.2";
			developmentRegion = English;
			hasScannedForEncodings = 0;
			knownRegions = (
				en,
				Base,
			);
			mainGroup = BD42A5C618F2B7920002128E;
			productRefGroup = BD42A5D018F2B7920002128E /* Products */;
			projectDirPath = "";
			projectRoot = "";
			targets = (
				BD42A5CE18F2B7920002128E /* pagedScrollViewExample */,
				BD42A5F218F2B7920002128E /* pagedScrollViewExampleTests */,
			);
		};
/* End PBXProject section */

/* Begin PBXResourcesBuildPhase section */
		BD42A5CD18F2B7920002128E /* Resources */ = {
			isa = PBXResourcesBuildPhase;
			buildActionMask = 2147483647;
			files = (
				BD42A5E918F2B7920002128E /* Main_iPad.storyboard in Resources */,
				BD42A5EE18F2B7920002128E /* Images.xcassets in Resources */,
				BD42A5E618F2B7920002128E /* Main_iPhone.storyboard in Resources */,
				BD42A5DD18F2B7920002128E /* InfoPlist.strings in Resources */,
			);
			runOnlyForDeploymentPostprocessing = 0;
		};
		BD42A5F118F2B7920002128E /* Resources */ = {
			isa = PBXResourcesBuildPhase;
			buildActionMask = 2147483647;
			files = (
				BD42A5FF18F2B7920002128E /* InfoPlist.strings in Resources */,
			);
			runOnlyForDeploymentPostprocessing = 0;
		};
/* End PBXResourcesBuildPhase section */

/* Begin PBXSourcesBuildPhase section */
		BD42A5CB18F2B7920002128E /* Sources */ = {
			isa = PBXSourcesBuildPhase;
			buildActionMask = 2147483647;
			files = (
				BD42A5EC18F2B7920002128E /* EPPViewController.m in Sources */,
				BD42A5E318F2B7920002128E /* EPPAppDelegate.m in Sources */,
				BD42A5DF18F2B7920002128E /* main.m in Sources */,
			);
			runOnlyForDeploymentPostprocessing = 0;
		};
		BD42A5EF18F2B7920002128E /* Sources */ = {
			isa = PBXSourcesBuildPhase;
			buildActionMask = 2147483647;
			files = (
				BD42A60118F2B7920002128E /* pagedScrollViewExampleTests.m in Sources */,
			);
			runOnlyForDeploymentPostprocessing = 0;
		};
/* End PBXSourcesBuildPhase section */

/* Begin PBXTargetDependency section */
		BD42A5F918F2B7920002128E /* PBXTargetDependency */ = {
			isa = PBXTargetDependency;
			target = BD42A5CE18F2B7920002128E /* pagedScrollViewExample */;
			targetProxy = BD42A5F818F2B7920002128E /* PBXContainerItemProxy */;
		};
/* End PBXTargetDependency section */

/* Begin PBXVariantGroup section */
		BD42A5DB18F2B7920002128E /* InfoPlist.strings */ = {
			isa = PBXVariantGroup;
			children = (
				BD42A5DC18F2B7920002128E /* en */,
			);
			name = InfoPlist.strings;
			sourceTree = "<group>";
		};
		BD42A5E418F2B7920002128E /* Main_iPhone.storyboard */ = {
			isa = PBXVariantGroup;
			children = (
				BD42A5E518F2B7920002128E /* Base */,
			);
			name = Main_iPhone.storyboard;
			sourceTree = "<group>";
		};
		BD42A5E718F2B7920002128E /* Main_iPad.storyboard */ = {
			isa = PBXVariantGroup;
			children = (
				BD42A5E818F2B7920002128E /* Base */,
			);
			name = Main_iPad.storyboard;
			sourceTree = "<group>";
		};
		BD42A5FD18F2B7920002128E /* InfoPlist.strings */ = {
			isa = PBXVariantGroup;
			children = (
				BD42A5FE18F2B7920002128E /* en */,
			);
			name = InfoPlist.strings;
			sourceTree = "<group>";
		};
/* End PBXVariantGroup section */

/* Begin XCBuildConfiguration section */
		BD42A60218F2B7920002128E /* Debug */ = {
			isa = XCBuildConfiguration;
			buildSettings = {
				ALWAYS_SEARCH_USER_PATHS = NO;
				CLANG_CXX_LANGUAGE_STANDARD = "gnu++0x";
				CLANG_CXX_LIBRARY = "libc++";
				CLANG_ENABLE_MODULES = YES;
				CLANG_ENABLE_OBJC_ARC = YES;
				CLANG_WARN_BOOL_CONVERSION = YES;
				CLANG_WARN_CONSTANT_CONVERSION = YES;
				CLANG_WARN_DIRECT_OBJC_ISA_USAGE = YES_ERROR;
				CLANG_WARN_EMPTY_BODY = YES;
				CLANG_WARN_ENUM_CONVERSION = YES;
				CLANG_WARN_INT_CONVERSION = YES;
				CLANG_WARN_OBJC_ROOT_CLASS = YES_ERROR;
				CLANG_WARN__DUPLICATE_METHOD_MATCH = YES;
				"CODE_SIGN_IDENTITY[sdk=iphoneos*]" = "iPhone Developer";
				COPY_PHASE_STRIP = NO;
				GCC_C_LANGUAGE_STANDARD = gnu99;
				GCC_DYNAMIC_NO_PIC = NO;
				GCC_OPTIMIZATION_LEVEL = 0;
				GCC_PREPROCESSOR_DEFINITIONS = (
					"DEBUG=1",
					"$(inherited)",
				);
				GCC_SYMBOLS_PRIVATE_EXTERN = NO;
				GCC_WARN_64_TO_32_BIT_CONVERSION = YES;
				GCC_WARN_ABOUT_RETURN_TYPE = YES_ERROR;
				GCC_WARN_UNDECLARED_SELECTOR = YES;
				GCC_WARN_UNINITIALIZED_AUTOS = YES_AGGRESSIVE;
				GCC_WARN_UNUSED_FUNCTION = YES;
				GCC_WARN_UNUSED_VARIABLE = YES;
				IPHONEOS_DEPLOYMENT_TARGET = 7.1;
				ONLY_ACTIVE_ARCH = YES;
				SDKROOT = iphoneos;
				TARGETED_DEVICE_FAMILY = "1,2";
			};
			name = Debug;
		};
		BD42A60318F2B7920002128E /* Release */ = {
			isa = XCBuildConfiguration;
			buildSettings = {
				ALWAYS_SEARCH_USER_PATHS = NO;
				CLANG_CXX_LANGUAGE_STANDARD = "gnu++0x";
				CLANG_CXX_LIBRARY = "libc++";
				CLANG_ENABLE_MODULES = YES;
				CLANG_ENABLE_OBJC_ARC = YES;
				CLANG_WARN_BOOL_CONVERSION = YES;
				CLANG_WARN_CONSTANT_CONVERSION = YES;
				CLANG_WARN_DIRECT_OBJC_ISA_USAGE = YES_ERROR;
				CLANG_WARN_EMPTY_BODY = YES;
				CLANG_WARN_ENUM_CONVERSION = YES;
				CLANG_WARN_INT_CONVERSION = YES;
				CLANG_WARN_OBJC_ROOT_CLASS = YES_ERROR;
				CLANG_WARN__DUPLICATE_METHOD_MATCH = YES;
				"CODE_SIGN_IDENTITY[sdk=iphoneos*]" = "iPhone Developer";
				COPY_PHASE_STRIP = YES;
				ENABLE_NS_ASSERTIONS = NO;
				GCC_C_LANGUAGE_STANDARD = gnu99;
				GCC_WARN_64_TO_32_BIT_CONVERSION = YES;
				GCC_WARN_ABOUT_RETURN_TYPE = YES_ERROR;
				GCC_WARN_UNDECLARED_SELECTOR = YES;
				GCC_WARN_UNINITIALIZED_AUTOS = YES_AGGRESSIVE;
				GCC_WARN_UNUSED_FUNCTION = YES;
				GCC_WARN_UNUSED_VARIABLE = YES;
				IPHONEOS_DEPLOYMENT_TARGET = 7.1;
				SDKROOT = iphoneos;
				TARGETED_DEVICE_FAMILY = "1,2";
				VALIDATE_PRODUCT = YES;
			};
			name = Release;
		};
		BD42A60518F2B7920002128E /* Debug */ = {
			isa = XCBuildConfiguration;
			buildSettings = {
				ASSETCATALOG_COMPILER_APPICON_NAME = AppIcon;
				ASSETCATALOG_COMPILER_LAUNCHIMAGE_NAME = LaunchImage;
				GCC_PRECOMPILE_PREFIX_HEADER = YES;
				GCC_PREFIX_HEADER = "pagedScrollViewExample/pagedScrollViewExample-Prefix.pch";
				INFOPLIST_FILE = "pagedScrollViewExample/pagedScrollViewExample-Info.plist";
				PRODUCT_NAME = "$(TARGET_NAME)";
				WRAPPER_EXTENSION = app;
			};
			name = Debug;
		};
		BD42A60618F2B7920002128E /* Release */ = {
			isa = XCBuildConfiguration;
			buildSettings = {
				ASSETCATALOG_COMPILER_APPICON_NAME = AppIcon;
				ASSETCATALOG_COMPILER_LAUNCHIMAGE_NAME = LaunchImage;
				GCC_PRECOMPILE_PREFIX_HEADER = YES;
				GCC_PREFIX_HEADER = "pagedScrollViewExample/pagedScrollViewExample-Prefix.pch";
				INFOPLIST_FILE = "pagedScrollViewExample/pagedScrollViewExample-Info.plist";
				PRODUCT_NAME = "$(TARGET_NAME)";
				WRAPPER_EXTENSION = app;
			};
			name = Release;
		};
		BD42A60818F2B7920002128E /* Debug */ = {
			isa = XCBuildConfiguration;
			buildSettings = {
				BUNDLE_LOADER = "$(BUILT_PRODUCTS_DIR)/pagedScrollViewExample.app/pagedScrollViewExample";
				FRAMEWORK_SEARCH_PATHS = (
					"$(SDKROOT)/Developer/Library/Frameworks",
					"$(inherited)",
					"$(DEVELOPER_FRAMEWORKS_DIR)",
				);
				GCC_PRECOMPILE_PREFIX_HEADER = YES;
				GCC_PREFIX_HEADER = "pagedScrollViewExample/pagedScrollViewExample-Prefix.pch";
				GCC_PREPROCESSOR_DEFINITIONS = (
					"DEBUG=1",
					"$(inherited)",
				);
				INFOPLIST_FILE = "pagedScrollViewExampleTests/pagedScrollViewExampleTests-Info.plist";
				PRODUCT_NAME = "$(TARGET_NAME)";
				TEST_HOST = "$(BUNDLE_LOADER)";
				WRAPPER_EXTENSION = xctest;
			};
			name = Debug;
		};
		BD42A60918F2B7920002128E /* Release */ = {
			isa = XCBuildConfiguration;
			buildSettings = {
				BUNDLE_LOADER = "$(BUILT_PRODUCTS_DIR)/pagedScrollViewExample.app/pagedScrollViewExample";
				FRAMEWORK_SEARCH_PATHS = (
					"$(SDKROOT)/Developer/Library/Frameworks",
					"$(inherited)",
					"$(DEVELOPER_FRAMEWORKS_DIR)",
				);
				GCC_PRECOMPILE_PREFIX_HEADER = YES;
				GCC_PREFIX_HEADER = "pagedScrollViewExample/pagedScrollViewExample-Prefix.pch";
				INFOPLIST_FILE = "pagedScrollViewExampleTests/pagedScrollViewExampleTests-Info.plist";
				PRODUCT_NAME = "$(TARGET_NAME)";
				TEST_HOST = "$(BUNDLE_LOADER)";
				WRAPPER_EXTENSION = xctest;
			};
			name = Release;
		};
/* End XCBuildConfiguration section */

/* Begin XCConfigurationList section */
		BD42A5CA18F2B7920002128E /* Build configuration list for PBXProject "pagedScrollViewExample" */ = {
			isa = XCConfigurationList;
			buildConfigurations = (
				BD42A60218F2B7920002128E /* Debug */,
				BD42A60318F2B7920002128E /* Release */,
			);
			defaultConfigurationIsVisible = 0;
			defaultConfigurationName = Release;
		};
		BD42A60418F2B7920002128E /* Build configuration list for PBXNativeTarget "pagedScrollViewExample" */ = {
			isa = XCConfigurationList;
			buildConfigurations = (
				BD42A60518F2B7920002128E /* Debug */,
				BD42A60618F2B7920002128E /* Release */,
			);
			defaultConfigurationIsVisible = 0;
		};
		BD42A60718F2B7920002128E /* Build configuration list for PBXNativeTarget "pagedScrollViewExampleTests" */ = {
			isa = XCConfigurationList;
			buildConfigurations = (
				BD42A60818F2B7920002128E /* Debug */,
				BD42A60918F2B7920002128E /* Release */,
			);
			defaultConfigurationIsVisible = 0;
		};
/* End XCConfigurationList section */
	};
	rootObject = BD42A5C718F2B7920002128E /* Project object */;
}
